
Microsoft Visual Studio Solution File, Format Version 12.00
# Visual Studio 15
VisualStudioVersion = 15.0.27004.2006
MinimumVisualStudioVersion = 10.0.40219.1
Project("{9A19103F-16F7-4668-BE54-9A1E7A4F7556}") = "Common", "Common\Common.csproj", "{1B4EF634-68BA-491E-9843-5DCC25BDFE16}"
EndProject
Project("{9A19103F-16F7-4668-BE54-9A1E7A4F7556}") = "DataAccess", "DataAccess\DataAccess.csproj", "{385623F2-E5A6-4F76-8FAE-A770ABC010D5}"
EndProject
Project("{9A19103F-16F7-4668-BE54-9A1E7A4F7556}") = "DBLogic", "DBLogic\DBLogic.csproj", "{DE118920-648A-4BFC-9428-CC0533A289B5}"
EndProject
Project("{9A19103F-16F7-4668-BE54-9A1E7A4F7556}") = "DBModels", "DBModels\DBModels.csproj", "{3403B144-932C-4E11-8E93-ECE71E86532D}"
EndProject
Project("{FAE04EC0-301F-11D3-BF4B-00C04F79EFBC}") = "MessageClient_ios", "MessageClient_ios\MessageClient_ios.csproj", "{8E60651A-ED05-44C2-8705-A14DF83A2392}"
EndProject
Project("{FAE04EC0-301F-11D3-BF4B-00C04F79EFBC}") = "MessageClinet_ios1", "..\MessageClinet_ios1\MessageClinet_ios1\MessageClinet_ios1.csproj", "{101E3060-8799-4119-8A7A-4F86A01C0C84}"
EndProject
Project("{FAE04EC0-301F-11D3-BF4B-00C04F79EFBC}") = "MessageClient", "MessageClient\MessageClient.csproj", "{4F388312-D8B0-4282-A707-7CC8FA6B906D}"
EndProject
Global
	GlobalSection(SolutionConfigurationPlatforms) = preSolution
		Ad-Hoc|Any CPU = Ad-Hoc|Any CPU
		Ad-Hoc|iPhone = Ad-Hoc|iPhone
		Ad-Hoc|iPhoneSimulator = Ad-Hoc|iPhoneSimulator
		Ad-Hoc|x86 = Ad-Hoc|x86
		AppStore|Any CPU = AppStore|Any CPU
		AppStore|iPhone = AppStore|iPhone
		AppStore|iPhoneSimulator = AppStore|iPhoneSimulator
		AppStore|x86 = AppStore|x86
		Debug|Any CPU = Debug|Any CPU
		Debug|iPhone = Debug|iPhone
		Debug|iPhoneSimulator = Debug|iPhoneSimulator
		Debug|x86 = Debug|x86
		Release|Any CPU = Release|Any CPU
		Release|iPhone = Release|iPhone
		Release|iPhoneSimulator = Release|iPhoneSimulator
		Release|x86 = Release|x86
	EndGlobalSection
	GlobalSection(ProjectConfigurationPlatforms) = postSolution
		{1B4EF634-68BA-491E-9843-5DCC25BDFE16}.Ad-Hoc|Any CPU.ActiveCfg = Release|Any CPU
		{1B4EF634-68BA-491E-9843-5DCC25BDFE16}.Ad-Hoc|Any CPU.Build.0 = Release|Any CPU
		{1B4EF634-68BA-491E-9843-5DCC25BDFE16}.Ad-Hoc|iPhone.ActiveCfg = Release|Any CPU
		{1B4EF634-68BA-491E-9843-5DCC25BDFE16}.Ad-Hoc|iPhone.Build.0 = Release|Any CPU
		{1B4EF634-68BA-491E-9843-5DCC25BDFE16}.Ad-Hoc|iPhoneSimulator.ActiveCfg = Release|Any CPU
		{1B4EF634-68BA-491E-9843-5DCC25BDFE16}.Ad-Hoc|iPhoneSimulator.Build.0 = Release|Any CPU
		{1B4EF634-68BA-491E-9843-5DCC25BDFE16}.Ad-Hoc|x86.ActiveCfg = Release|Any CPU
		{1B4EF634-68BA-491E-9843-5DCC25BDFE16}.Ad-Hoc|x86.Build.0 = Release|Any CPU
		{1B4EF634-68BA-491E-9843-5DCC25BDFE16}.AppStore|Any CPU.ActiveCfg = Release|Any CPU
		{1B4EF634-68BA-491E-9843-5DCC25BDFE16}.AppStore|Any CPU.Build.0 = Release|Any CPU
		{1B4EF634-68BA-491E-9843-5DCC25BDFE16}.AppStore|iPhone.ActiveCfg = Release|Any CPU
		{1B4EF634-68BA-491E-9843-5DCC25BDFE16}.AppStore|iPhone.Build.0 = Release|Any CPU
		{1B4EF634-68BA-491E-9843-5DCC25BDFE16}.AppStore|iPhoneSimulator.ActiveCfg = Release|Any CPU
		{1B4EF634-68BA-491E-9843-5DCC25BDFE16}.AppStore|iPhoneSimulator.Build.0 = Release|Any CPU
		{1B4EF634-68BA-491E-9843-5DCC25BDFE16}.AppStore|x86.ActiveCfg = Release|Any CPU
		{1B4EF634-68BA-491E-9843-5DCC25BDFE16}.AppStore|x86.Build.0 = Release|Any CPU
		{1B4EF634-68BA-491E-9843-5DCC25BDFE16}.Debug|Any CPU.ActiveCfg = Debug|Any CPU
		{1B4EF634-68BA-491E-9843-5DCC25BDFE16}.Debug|Any CPU.Build.0 = Debug|Any CPU
		{1B4EF634-68BA-491E-9843-5DCC25BDFE16}.Debug|iPhone.ActiveCfg = Debug|Any CPU
		{1B4EF634-68BA-491E-9843-5DCC25BDFE16}.Debug|iPhone.Build.0 = Debug|Any CPU
		{1B4EF634-68BA-491E-9843-5DCC25BDFE16}.Debug|iPhoneSimulator.ActiveCfg = Debug|Any CPU
		{1B4EF634-68BA-491E-9843-5DCC25BDFE16}.Debug|iPhoneSimulator.Build.0 = Debug|Any CPU
		{1B4EF634-68BA-491E-9843-5DCC25BDFE16}.Debug|x86.ActiveCfg = Debug|Any CPU
		{1B4EF634-68BA-491E-9843-5DCC25BDFE16}.Debug|x86.Build.0 = Debug|Any CPU
		{1B4EF634-68BA-491E-9843-5DCC25BDFE16}.Release|Any CPU.ActiveCfg = Release|Any CPU
		{1B4EF634-68BA-491E-9843-5DCC25BDFE16}.Release|Any CPU.Build.0 = Release|Any CPU
		{1B4EF634-68BA-491E-9843-5DCC25BDFE16}.Release|iPhone.ActiveCfg = Release|Any CPU
		{1B4EF634-68BA-491E-9843-5DCC25BDFE16}.Release|iPhone.Build.0 = Release|Any CPU
		{1B4EF634-68BA-491E-9843-5DCC25BDFE16}.Release|iPhoneSimulator.ActiveCfg = Release|Any CPU
		{1B4EF634-68BA-491E-9843-5DCC25BDFE16}.Release|iPhoneSimulator.Build.0 = Release|Any CPU
		{1B4EF634-68BA-491E-9843-5DCC25BDFE16}.Release|x86.ActiveCfg = Release|Any CPU
		{1B4EF634-68BA-491E-9843-5DCC25BDFE16}.Release|x86.Build.0 = Release|Any CPU
		{385623F2-E5A6-4F76-8FAE-A770ABC010D5}.Ad-Hoc|Any CPU.ActiveCfg = Release|Any CPU
		{385623F2-E5A6-4F76-8FAE-A770ABC010D5}.Ad-Hoc|Any CPU.Build.0 = Release|Any CPU
		{385623F2-E5A6-4F76-8FAE-A770ABC010D5}.Ad-Hoc|iPhone.ActiveCfg = Release|Any CPU
		{385623F2-E5A6-4F76-8FAE-A770ABC010D5}.Ad-Hoc|iPhone.Build.0 = Release|Any CPU
		{385623F2-E5A6-4F76-8FAE-A770ABC010D5}.Ad-Hoc|iPhoneSimulator.ActiveCfg = Release|Any CPU
		{385623F2-E5A6-4F76-8FAE-A770ABC010D5}.Ad-Hoc|iPhoneSimulator.Build.0 = Release|Any CPU
		{385623F2-E5A6-4F76-8FAE-A770ABC010D5}.Ad-Hoc|x86.ActiveCfg = Release|Any CPU
		{385623F2-E5A6-4F76-8FAE-A770ABC010D5}.Ad-Hoc|x86.Build.0 = Release|Any CPU
		{385623F2-E5A6-4F76-8FAE-A770ABC010D5}.AppStore|Any CPU.ActiveCfg = Release|Any CPU
		{385623F2-E5A6-4F76-8FAE-A770ABC010D5}.AppStore|Any CPU.Build.0 = Release|Any CPU
		{385623F2-E5A6-4F76-8FAE-A770ABC010D5}.AppStore|iPhone.ActiveCfg = Release|Any CPU
		{385623F2-E5A6-4F76-8FAE-A770ABC010D5}.AppStore|iPhone.Build.0 = Release|Any CPU
		{385623F2-E5A6-4F76-8FAE-A770ABC010D5}.AppStore|iPhoneSimulator.ActiveCfg = Release|Any CPU
		{385623F2-E5A6-4F76-8FAE-A770ABC010D5}.AppStore|iPhoneSimulator.Build.0 = Release|Any CPU
		{385623F2-E5A6-4F76-8FAE-A770ABC010D5}.AppStore|x86.ActiveCfg = Release|Any CPU
		{385623F2-E5A6-4F76-8FAE-A770ABC010D5}.AppStore|x86.Build.0 = Release|Any CPU
		{385623F2-E5A6-4F76-8FAE-A770ABC010D5}.Debug|Any CPU.ActiveCfg = Debug|Any CPU
		{385623F2-E5A6-4F76-8FAE-A770ABC010D5}.Debug|Any CPU.Build.0 = Debug|Any CPU
		{385623F2-E5A6-4F76-8FAE-A770ABC010D5}.Debug|iPhone.ActiveCfg = Debug|Any CPU
		{385623F2-E5A6-4F76-8FAE-A770ABC010D5}.Debug|iPhone.Build.0 = Debug|Any CPU
		{385623F2-E5A6-4F76-8FAE-A770ABC010D5}.Debug|iPhoneSimulator.ActiveCfg = Debug|Any CPU
		{385623F2-E5A6-4F76-8FAE-A770ABC010D5}.Debug|iPhoneSimulator.Build.0 = Debug|Any CPU
		{385623F2-E5A6-4F76-8FAE-A770ABC010D5}.Debug|x86.ActiveCfg = Debug|Any CPU
		{385623F2-E5A6-4F76-8FAE-A770ABC010D5}.Debug|x86.Build.0 = Debug|Any CPU
		{385623F2-E5A6-4F76-8FAE-A770ABC010D5}.Release|Any CPU.ActiveCfg = Release|Any CPU
		{385623F2-E5A6-4F76-8FAE-A770ABC010D5}.Release|Any CPU.Build.0 = Release|Any CPU
		{385623F2-E5A6-4F76-8FAE-A770ABC010D5}.Release|iPhone.ActiveCfg = Release|Any CPU
		{385623F2-E5A6-4F76-8FAE-A770ABC010D5}.Release|iPhone.Build.0 = Release|Any CPU
		{385623F2-E5A6-4F76-8FAE-A770ABC010D5}.Release|iPhoneSimulator.ActiveCfg = Release|Any CPU
		{385623F2-E5A6-4F76-8FAE-A770ABC010D5}.Release|iPhoneSimulator.Build.0 = Release|Any CPU
		{385623F2-E5A6-4F76-8FAE-A770ABC010D5}.Release|x86.ActiveCfg = Release|Any CPU
		{385623F2-E5A6-4F76-8FAE-A770ABC010D5}.Release|x86.Build.0 = Release|Any CPU
		{DE118920-648A-4BFC-9428-CC0533A289B5}.Ad-Hoc|Any CPU.ActiveCfg = Release|Any CPU
		{DE118920-648A-4BFC-9428-CC0533A289B5}.Ad-Hoc|Any CPU.Build.0 = Release|Any CPU
		{DE118920-648A-4BFC-9428-CC0533A289B5}.Ad-Hoc|iPhone.ActiveCfg = Release|Any CPU
		{DE118920-648A-4BFC-9428-CC0533A289B5}.Ad-Hoc|iPhone.Build.0 = Release|Any CPU
		{DE118920-648A-4BFC-9428-CC0533A289B5}.Ad-Hoc|iPhoneSimulator.ActiveCfg = Release|Any CPU
		{DE118920-648A-4BFC-9428-CC0533A289B5}.Ad-Hoc|iPhoneSimulator.Build.0 = Release|Any CPU
		{DE118920-648A-4BFC-9428-CC0533A289B5}.Ad-Hoc|x86.ActiveCfg = Release|Any CPU
		{DE118920-648A-4BFC-9428-CC0533A289B5}.Ad-Hoc|x86.Build.0 = Release|Any CPU
		{DE118920-648A-4BFC-9428-CC0533A289B5}.AppStore|Any CPU.ActiveCfg = Release|Any CPU
		{DE118920-648A-4BFC-9428-CC0533A289B5}.AppStore|Any CPU.Build.0 = Release|Any CPU
		{DE118920-648A-4BFC-9428-CC0533A289B5}.AppStore|iPhone.ActiveCfg = Release|Any CPU
		{DE118920-648A-4BFC-9428-CC0533A289B5}.AppStore|iPhone.Build.0 = Release|Any CPU
		{DE118920-648A-4BFC-9428-CC0533A289B5}.AppStore|iPhoneSimulator.ActiveCfg = Release|Any CPU
		{DE118920-648A-4BFC-9428-CC0533A289B5}.AppStore|iPhoneSimulator.Build.0 = Release|Any CPU
		{DE118920-648A-4BFC-9428-CC0533A289B5}.AppStore|x86.ActiveCfg = Release|Any CPU
		{DE118920-648A-4BFC-9428-CC0533A289B5}.AppStore|x86.Build.0 = Release|Any CPU
		{DE118920-648A-4BFC-9428-CC0533A289B5}.Debug|Any CPU.ActiveCfg = Debug|Any CPU
		{DE118920-648A-4BFC-9428-CC0533A289B5}.Debug|Any CPU.Build.0 = Debug|Any CPU
		{DE118920-648A-4BFC-9428-CC0533A289B5}.Debug|iPhone.ActiveCfg = Debug|Any CPU
		{DE118920-648A-4BFC-9428-CC0533A289B5}.Debug|iPhone.Build.0 = Debug|Any CPU
		{DE118920-648A-4BFC-9428-CC0533A289B5}.Debug|iPhoneSimulator.ActiveCfg = Debug|Any CPU
		{DE118920-648A-4BFC-9428-CC0533A289B5}.Debug|iPhoneSimulator.Build.0 = Debug|Any CPU
		{DE118920-648A-4BFC-9428-CC0533A289B5}.Debug|x86.ActiveCfg = Debug|Any CPU
		{DE118920-648A-4BFC-9428-CC0533A289B5}.Debug|x86.Build.0 = Debug|Any CPU
		{DE118920-648A-4BFC-9428-CC0533A289B5}.Release|Any CPU.ActiveCfg = Release|Any CPU
		{DE118920-648A-4BFC-9428-CC0533A289B5}.Release|Any CPU.Build.0 = Release|Any CPU
		{DE118920-648A-4BFC-9428-CC0533A289B5}.Release|iPhone.ActiveCfg = Release|Any CPU
		{DE118920-648A-4BFC-9428-CC0533A289B5}.Release|iPhone.Build.0 = Release|Any CPU
		{DE118920-648A-4BFC-9428-CC0533A289B5}.Release|iPhoneSimulator.ActiveCfg = Release|Any CPU
		{DE118920-648A-4BFC-9428-CC0533A289B5}.Release|iPhoneSimulator.Build.0 = Release|Any CPU
		{DE118920-648A-4BFC-9428-CC0533A289B5}.Release|x86.ActiveCfg = Release|Any CPU
		{DE118920-648A-4BFC-9428-CC0533A289B5}.Release|x86.Build.0 = Release|Any CPU
		{3403B144-932C-4E11-8E93-ECE71E86532D}.Ad-Hoc|Any CPU.ActiveCfg = Release|Any CPU
		{3403B144-932C-4E11-8E93-ECE71E86532D}.Ad-Hoc|Any CPU.Build.0 = Release|Any CPU
		{3403B144-932C-4E11-8E93-ECE71E86532D}.Ad-Hoc|iPhone.ActiveCfg = Release|Any CPU
		{3403B144-932C-4E11-8E93-ECE71E86532D}.Ad-Hoc|iPhone.Build.0 = Release|Any CPU
		{3403B144-932C-4E11-8E93-ECE71E86532D}.Ad-Hoc|iPhoneSimulator.ActiveCfg = Release|Any CPU
		{3403B144-932C-4E11-8E93-ECE71E86532D}.Ad-Hoc|iPhoneSimulator.Build.0 = Release|Any CPU
		{3403B144-932C-4E11-8E93-ECE71E86532D}.Ad-Hoc|x86.ActiveCfg = Release|Any CPU
		{3403B144-932C-4E11-8E93-ECE71E86532D}.Ad-Hoc|x86.Build.0 = Release|Any CPU
		{3403B144-932C-4E11-8E93-ECE71E86532D}.AppStore|Any CPU.ActiveCfg = Release|Any CPU
		{3403B144-932C-4E11-8E93-ECE71E86532D}.AppStore|Any CPU.Build.0 = Release|Any CPU
		{3403B144-932C-4E11-8E93-ECE71E86532D}.AppStore|iPhone.ActiveCfg = Release|Any CPU
		{3403B144-932C-4E11-8E93-ECE71E86532D}.AppStore|iPhone.Build.0 = Release|Any CPU
		{3403B144-932C-4E11-8E93-ECE71E86532D}.AppStore|iPhoneSimulator.ActiveCfg = Release|Any CPU
		{3403B144-932C-4E11-8E93-ECE71E86532D}.AppStore|iPhoneSimulator.Build.0 = Release|Any CPU
		{3403B144-932C-4E11-8E93-ECE71E86532D}.AppStore|x86.ActiveCfg = Release|Any CPU
		{3403B144-932C-4E11-8E93-ECE71E86532D}.AppStore|x86.Build.0 = Release|Any CPU
		{3403B144-932C-4E11-8E93-ECE71E86532D}.Debug|Any CPU.ActiveCfg = Debug|Any CPU
		{3403B144-932C-4E11-8E93-ECE71E86532D}.Debug|Any CPU.Build.0 = Debug|Any CPU
		{3403B144-932C-4E11-8E93-ECE71E86532D}.Debug|iPhone.ActiveCfg = Debug|Any CPU
		{3403B144-932C-4E11-8E93-ECE71E86532D}.Debug|iPhone.Build.0 = Debug|Any CPU
		{3403B144-932C-4E11-8E93-ECE71E86532D}.Debug|iPhoneSimulator.ActiveCfg = Debug|Any CPU
		{3403B144-932C-4E11-8E93-ECE71E86532D}.Debug|iPhoneSimulator.Build.0 = Debug|Any CPU
		{3403B144-932C-4E11-8E93-ECE71E86532D}.Debug|x86.ActiveCfg = Debug|Any CPU
		{3403B144-932C-4E11-8E93-ECE71E86532D}.Debug|x86.Build.0 = Debug|Any CPU
		{3403B144-932C-4E11-8E93-ECE71E86532D}.Release|Any CPU.ActiveCfg = Release|Any CPU
		{3403B144-932C-4E11-8E93-ECE71E86532D}.Release|Any CPU.Build.0 = Release|Any CPU
		{3403B144-932C-4E11-8E93-ECE71E86532D}.Release|iPhone.ActiveCfg = Release|Any CPU
		{3403B144-932C-4E11-8E93-ECE71E86532D}.Release|iPhone.Build.0 = Release|Any CPU
		{3403B144-932C-4E11-8E93-ECE71E86532D}.Release|iPhoneSimulator.ActiveCfg = Release|Any CPU
		{3403B144-932C-4E11-8E93-ECE71E86532D}.Release|iPhoneSimulator.Build.0 = Release|Any CPU
		{3403B144-932C-4E11-8E93-ECE71E86532D}.Release|x86.ActiveCfg = Release|Any CPU
		{3403B144-932C-4E11-8E93-ECE71E86532D}.Release|x86.Build.0 = Release|Any CPU
		{8E60651A-ED05-44C2-8705-A14DF83A2392}.Ad-Hoc|Any CPU.ActiveCfg = Ad-Hoc|iPhone
		{8E60651A-ED05-44C2-8705-A14DF83A2392}.Ad-Hoc|iPhone.ActiveCfg = Ad-Hoc|iPhone
		{8E60651A-ED05-44C2-8705-A14DF83A2392}.Ad-Hoc|iPhone.Build.0 = Ad-Hoc|iPhone
		{8E60651A-ED05-44C2-8705-A14DF83A2392}.Ad-Hoc|iPhoneSimulator.ActiveCfg = Ad-Hoc|iPhoneSimulator
		{8E60651A-ED05-44C2-8705-A14DF83A2392}.Ad-Hoc|iPhoneSimulator.Build.0 = Ad-Hoc|iPhoneSimulator
		{8E60651A-ED05-44C2-8705-A14DF83A2392}.Ad-Hoc|x86.ActiveCfg = Ad-Hoc|iPhone
		{8E60651A-ED05-44C2-8705-A14DF83A2392}.AppStore|Any CPU.ActiveCfg = AppStore|iPhone
		{8E60651A-ED05-44C2-8705-A14DF83A2392}.AppStore|iPhone.ActiveCfg = AppStore|iPhone
		{8E60651A-ED05-44C2-8705-A14DF83A2392}.AppStore|iPhone.Build.0 = AppStore|iPhone
		{8E60651A-ED05-44C2-8705-A14DF83A2392}.AppStore|iPhoneSimulator.ActiveCfg = AppStore|iPhoneSimulator
		{8E60651A-ED05-44C2-8705-A14DF83A2392}.AppStore|iPhoneSimulator.Build.0 = AppStore|iPhoneSimulator
		{8E60651A-ED05-44C2-8705-A14DF83A2392}.AppStore|x86.ActiveCfg = AppStore|iPhone
		{8E60651A-ED05-44C2-8705-A14DF83A2392}.Debug|Any CPU.ActiveCfg = Debug|iPhone
		{8E60651A-ED05-44C2-8705-A14DF83A2392}.Debug|iPhone.ActiveCfg = Debug|iPhone
		{8E60651A-ED05-44C2-8705-A14DF83A2392}.Debug|iPhone.Build.0 = Debug|iPhone
		{8E60651A-ED05-44C2-8705-A14DF83A2392}.Debug|iPhoneSimulator.ActiveCfg = Debug|iPhoneSimulator
		{8E60651A-ED05-44C2-8705-A14DF83A2392}.Debug|iPhoneSimulator.Build.0 = Debug|iPhoneSimulator
		{8E60651A-ED05-44C2-8705-A14DF83A2392}.Debug|x86.ActiveCfg = Debug|iPhone
		{8E60651A-ED05-44C2-8705-A14DF83A2392}.Release|Any CPU.ActiveCfg = Release|iPhone
		{8E60651A-ED05-44C2-8705-A14DF83A2392}.Release|iPhone.ActiveCfg = Release|iPhone
		{8E60651A-ED05-44C2-8705-A14DF83A2392}.Release|iPhone.Build.0 = Release|iPhone
		{8E60651A-ED05-44C2-8705-A14DF83A2392}.Release|iPhoneSimulator.ActiveCfg = Release|iPhoneSimulator
		{8E60651A-ED05-44C2-8705-A14DF83A2392}.Release|iPhoneSimulator.Build.0 = Release|iPhoneSimulator
		{8E60651A-ED05-44C2-8705-A14DF83A2392}.Release|x86.ActiveCfg = Release|iPhone
		{101E3060-8799-4119-8A7A-4F86A01C0C84}.Ad-Hoc|Any CPU.ActiveCfg = Release|iPhone
		{101E3060-8799-4119-8A7A-4F86A01C0C84}.Ad-Hoc|Any CPU.Build.0 = Release|iPhone
		{101E3060-8799-4119-8A7A-4F86A01C0C84}.Ad-Hoc|iPhone.ActiveCfg = Release|iPhone
		{101E3060-8799-4119-8A7A-4F86A01C0C84}.Ad-Hoc|iPhone.Build.0 = Release|iPhone
		{101E3060-8799-4119-8A7A-4F86A01C0C84}.Ad-Hoc|iPhoneSimulator.ActiveCfg = Release|iPhoneSimulator
		{101E3060-8799-4119-8A7A-4F86A01C0C84}.Ad-Hoc|iPhoneSimulator.Build.0 = Release|iPhoneSimulator
		{101E3060-8799-4119-8A7A-4F86A01C0C84}.Ad-Hoc|x86.ActiveCfg = Release|iPhone
		{101E3060-8799-4119-8A7A-4F86A01C0C84}.Ad-Hoc|x86.Build.0 = Release|iPhone
		{101E3060-8799-4119-8A7A-4F86A01C0C84}.AppStore|Any CPU.ActiveCfg = Release|iPhone
		{101E3060-8799-4119-8A7A-4F86A01C0C84}.AppStore|Any CPU.Build.0 = Release|iPhone
		{101E3060-8799-4119-8A7A-4F86A01C0C84}.AppStore|iPhone.ActiveCfg = Release|iPhone
		{101E3060-8799-4119-8A7A-4F86A01C0C84}.AppStore|iPhone.Build.0 = Release|iPhone
		{101E3060-8799-4119-8A7A-4F86A01C0C84}.AppStore|iPhoneSimulator.ActiveCfg = Release|iPhoneSimulator
		{101E3060-8799-4119-8A7A-4F86A01C0C84}.AppStore|iPhoneSimulator.Build.0 = Release|iPhoneSimulator
		{101E3060-8799-4119-8A7A-4F86A01C0C84}.AppStore|x86.ActiveCfg = Release|iPhone
		{101E3060-8799-4119-8A7A-4F86A01C0C84}.AppStore|x86.Build.0 = Release|iPhone
		{101E3060-8799-4119-8A7A-4F86A01C0C84}.Debug|Any CPU.ActiveCfg = Debug|iPhone
		{101E3060-8799-4119-8A7A-4F86A01C0C84}.Debug|iPhone.ActiveCfg = Debug|iPhone
		{101E3060-8799-4119-8A7A-4F86A01C0C84}.Debug|iPhone.Build.0 = Debug|iPhone
		{101E3060-8799-4119-8A7A-4F86A01C0C84}.Debug|iPhoneSimulator.ActiveCfg = Debug|iPhoneSimulator
		{101E3060-8799-4119-8A7A-4F86A01C0C84}.Debug|iPhoneSimulator.Build.0 = Debug|iPhoneSimulator
		{101E3060-8799-4119-8A7A-4F86A01C0C84}.Debug|x86.ActiveCfg = Debug|iPhone
		{101E3060-8799-4119-8A7A-4F86A01C0C84}.Release|Any CPU.ActiveCfg = Release|iPhone
		{101E3060-8799-4119-8A7A-4F86A01C0C84}.Release|iPhone.ActiveCfg = Release|iPhone
		{101E3060-8799-4119-8A7A-4F86A01C0C84}.Release|iPhone.Build.0 = Release|iPhone
		{101E3060-8799-4119-8A7A-4F86A01C0C84}.Release|iPhoneSimulator.ActiveCfg = Release|iPhoneSimulator
		{101E3060-8799-4119-8A7A-4F86A01C0C84}.Release|iPhoneSimulator.Build.0 = Release|iPhoneSimulator
		{101E3060-8799-4119-8A7A-4F86A01C0C84}.Release|x86.ActiveCfg = Release|iPhone
		{4F388312-D8B0-4282-A707-7CC8FA6B906D}.Ad-Hoc|Any CPU.ActiveCfg = Release|Any CPU
		{4F388312-D8B0-4282-A707-7CC8FA6B906D}.Ad-Hoc|Any CPU.Build.0 = Release|Any CPU
		{4F388312-D8B0-4282-A707-7CC8FA6B906D}.Ad-Hoc|Any CPU.Deploy.0 = Release|Any CPU
		{4F388312-D8B0-4282-A707-7CC8FA6B906D}.Ad-Hoc|iPhone.ActiveCfg = Release|Any CPU
		{4F388312-D8B0-4282-A707-7CC8FA6B906D}.Ad-Hoc|iPhone.Build.0 = Release|Any CPU
		{4F388312-D8B0-4282-A707-7CC8FA6B906D}.Ad-Hoc|iPhone.Deploy.0 = Release|Any CPU
		{4F388312-D8B0-4282-A707-7CC8FA6B906D}.Ad-Hoc|iPhoneSimulator.ActiveCfg = Release|Any CPU
		{4F388312-D8B0-4282-A707-7CC8FA6B906D}.Ad-Hoc|iPhoneSimulator.Build.0 = Release|Any CPU
		{4F388312-D8B0-4282-A707-7CC8FA6B906D}.Ad-Hoc|iPhoneSimulator.Deploy.0 = Release|Any CPU
		{4F388312-D8B0-4282-A707-7CC8FA6B906D}.Ad-Hoc|x86.ActiveCfg = Release|Any CPU
		{4F388312-D8B0-4282-A707-7CC8FA6B906D}.Ad-Hoc|x86.Build.0 = Release|Any CPU
		{4F388312-D8B0-4282-A707-7CC8FA6B906D}.Ad-Hoc|x86.Deploy.0 = Release|Any CPU
		{4F388312-D8B0-4282-A707-7CC8FA6B906D}.AppStore|Any CPU.ActiveCfg = Release|Any CPU
		{4F388312-D8B0-4282-A707-7CC8FA6B906D}.AppStore|Any CPU.Build.0 = Release|Any CPU
		{4F388312-D8B0-4282-A707-7CC8FA6B906D}.AppStore|Any CPU.Deploy.0 = Release|Any CPU
		{4F388312-D8B0-4282-A707-7CC8FA6B906D}.AppStore|iPhone.ActiveCfg = Release|Any CPU
		{4F388312-D8B0-4282-A707-7CC8FA6B906D}.AppStore|iPhone.Build.0 = Release|Any CPU
		{4F388312-D8B0-4282-A707-7CC8FA6B906D}.AppStore|iPhone.Deploy.0 = Release|Any CPU
		{4F388312-D8B0-4282-A707-7CC8FA6B906D}.AppStore|iPhoneSimulator.ActiveCfg = Release|Any CPU
		{4F388312-D8B0-4282-A707-7CC8FA6B906D}.AppStore|iPhoneSimulator.Build.0 = Release|Any CPU
		{4F388312-D8B0-4282-A707-7CC8FA6B906D}.AppStore|iPhoneSimulator.Deploy.0 = Release|Any CPU
		{4F388312-D8B0-4282-A707-7CC8FA6B906D}.AppStore|x86.ActiveCfg = Release|Any CPU
		{4F388312-D8B0-4282-A707-7CC8FA6B906D}.AppStore|x86.Build.0 = Release|Any CPU
		{4F388312-D8B0-4282-A707-7CC8FA6B906D}.AppStore|x86.Deploy.0 = Release|Any CPU
		{4F388312-D8B0-4282-A707-7CC8FA6B906D}.Debug|Any CPU.ActiveCfg = Debug|Any CPU
		{4F388312-D8B0-4282-A707-7CC8FA6B906D}.Debug|Any CPU.Build.0 = Debug|Any CPU
		{4F388312-D8B0-4282-A707-7CC8FA6B906D}.Debug|Any CPU.Deploy.0 = Debug|Any CPU
		{4F388312-D8B0-4282-A707-7CC8FA6B906D}.Debug|iPhone.ActiveCfg = Debug|Any CPU
		{4F388312-D8B0-4282-A707-7CC8FA6B906D}.Debug|iPhone.Build.0 = Debug|Any CPU
		{4F388312-D8B0-4282-A707-7CC8FA6B906D}.Debug|iPhone.Deploy.0 = Debug|Any CPU
		{4F388312-D8B0-4282-A707-7CC8FA6B906D}.Debug|iPhoneSimulator.ActiveCfg = Debug|Any CPU
		{4F388312-D8B0-4282-A707-7CC8FA6B906D}.Debug|iPhoneSimulator.Build.0 = Debug|Any CPU
		{4F388312-D8B0-4282-A707-7CC8FA6B906D}.Debug|iPhoneSimulator.Deploy.0 = Debug|Any CPU
		{4F388312-D8B0-4282-A707-7CC8FA6B906D}.Debug|x86.ActiveCfg = Debug|Any CPU
		{4F388312-D8B0-4282-A707-7CC8FA6B906D}.Debug|x86.Build.0 = Debug|Any CPU
		{4F388312-D8B0-4282-A707-7CC8FA6B906D}.Debug|x86.Deploy.0 = Debug|Any CPU
		{4F388312-D8B0-4282-A707-7CC8FA6B906D}.Release|Any CPU.ActiveCfg = Release|Any CPU
		{4F388312-D8B0-4282-A707-7CC8FA6B906D}.Release|Any CPU.Build.0 = Release|Any CPU
		{4F388312-D8B0-4282-A707-7CC8FA6B906D}.Release|Any CPU.Deploy.0 = Release|Any CPU
		{4F388312-D8B0-4282-A707-7CC8FA6B906D}.Release|iPhone.ActiveCfg = Release|Any CPU
		{4F388312-D8B0-4282-A707-7CC8FA6B906D}.Release|iPhone.Build.0 = Release|Any CPU
		{4F388312-D8B0-4282-A707-7CC8FA6B906D}.Release|iPhone.Deploy.0 = Release|Any CPU
		{4F388312-D8B0-4282-A707-7CC8FA6B906D}.Release|iPhoneSimulator.ActiveCfg = Release|Any CPU
		{4F388312-D8B0-4282-A707-7CC8FA6B906D}.Release|iPhoneSimulator.Build.0 = Release|Any CPU
		{4F388312-D8B0-4282-A707-7CC8FA6B906D}.Release|iPhoneSimulator.Deploy.0 = Release|Any CPU
		{4F388312-D8B0-4282-A707-7CC8FA6B906D}.Release|x86.ActiveCfg = Release|Any CPU
		{4F388312-D8B0-4282-A707-7CC8FA6B906D}.Release|x86.Build.0 = Release|Any CPU
		{4F388312-D8B0-4282-A707-7CC8FA6B906D}.Release|x86.Deploy.0 = Release|Any CPU
	EndGlobalSection
	GlobalSection(SolutionProperties) = preSolution
		HideSolutionNode = FALSE
	EndGlobalSection
	GlobalSection(ExtensibilityGlobals) = postSolution
		VisualSVNWorkingCopyRoot = .
		SolutionGuid = {26899B3D-974B-4742-B1B6-12EB6D875199}
	EndGlobalSection
EndGlobal
